# THIS IS AN AUTOGENERATED FILE. DO NOT EDIT THIS FILE DIRECTLY.
# yarn lockfile v1


"@jupyterlab/coreutils@^5.0.2":
  version "5.0.2"
  resolved "https://registry.yarnpkg.com/@jupyterlab/coreutils/-/coreutils-5.0.2.tgz#e1845cb05d228179babccf1a3cbfde8abe456113"
  integrity sha512-ViQoYjROvzfU2PuuH9kYpbBReIZafKcmJFEEflgf2fH6IW298tXQgNcT+dQiq8FjmyEVApoQM8r2pI1d1ztVPA==
  dependencies:
    "@lumino/coreutils" "^1.5.3"
    "@lumino/disposable" "^1.4.3"
    "@lumino/signaling" "^1.4.3"
    minimist "~1.2.0"
    moment "^2.24.0"
    path-browserify "^1.0.0"
    url-parse "~1.4.7"

"@jupyterlab/nbformat@^3.0.2":
  version "3.0.2"
  resolved "https://registry.yarnpkg.com/@jupyterlab/nbformat/-/nbformat-3.0.2.tgz#0e7509c25a0ab994348e77332f81406296a03623"
  integrity sha512-MYkUF4rkr/qhNQ2auvLYmVRwl39eIGRT1oJctCeiN2sTNtl5f1bts8KuNRhkYDOuryJUwouI1T4JsQpcE+mV6Q==
  dependencies:
    "@lumino/coreutils" "^1.5.3"

"@jupyterlab/observables@^4.0.2":
  version "4.0.2"
  resolved "https://registry.yarnpkg.com/@jupyterlab/observables/-/observables-4.0.2.tgz#a76256cf3afc23ace90a9f4e8ad96c8f2f398abf"
  integrity sha512-eLS0ThHEfM86eUeLHSLgjpf7BrRmgJJTTarn3FJSC0CVXVzx48Fcsvpa5mhbnWjSakzUT+LqbN4w4lFZabwz8A==
  dependencies:
    "@lumino/algorithm" "^1.3.3"
    "@lumino/coreutils" "^1.5.3"
    "@lumino/disposable" "^1.4.3"
    "@lumino/messaging" "^1.4.3"
    "@lumino/signaling" "^1.4.3"

"@jupyterlab/services@^6.0.3":
  version "6.0.3"
  resolved "https://registry.yarnpkg.com/@jupyterlab/services/-/services-6.0.3.tgz#60b65555fc1ab69065b9bee1892329b02a9ad607"
  integrity sha512-jgzJPDOMIMVTr57ZRWmeWZRICyyUyumR4HPMjf6BrB6RXytL1JZ/2m9qs1dX2zReAwWHV6bGVu/kZ/Hmqk9aiA==
  dependencies:
    "@jupyterlab/coreutils" "^5.0.2"
    "@jupyterlab/nbformat" "^3.0.2"
    "@jupyterlab/observables" "^4.0.2"
    "@jupyterlab/settingregistry" "^3.0.2"
    "@jupyterlab/statedb" "^3.0.2"
    "@lumino/algorithm" "^1.3.3"
    "@lumino/coreutils" "^1.5.3"
    "@lumino/disposable" "^1.4.3"
    "@lumino/polling" "^1.3.3"
    "@lumino/signaling" "^1.4.3"
    node-fetch "^2.6.0"
    ws "^7.2.0"

"@jupyterlab/settingregistry@^3.0.2":
  version "3.0.2"
  resolved "https://registry.yarnpkg.com/@jupyterlab/settingregistry/-/settingregistry-3.0.2.tgz#c64343b42de96b016df766cecdb3b97c6fca62c2"
  integrity sha512-M0ZPazePn5Jw8HX2H1t+I6ZgvsGYeTOonjlKoiDgkR178whYMZ7LdkTpUuX3fyEkhZ6aHpmrboXtw/H8TJiE+w==
  dependencies:
    "@jupyterlab/statedb" "^3.0.2"
    "@lumino/commands" "^1.12.0"
    "@lumino/coreutils" "^1.5.3"
    "@lumino/disposable" "^1.4.3"
    "@lumino/signaling" "^1.4.3"
    ajv "^6.12.3"
    json5 "^2.1.1"

"@jupyterlab/statedb@^3.0.2":
  version "3.0.2"
  resolved "https://registry.yarnpkg.com/@jupyterlab/statedb/-/statedb-3.0.2.tgz#6b0a99daa88d2054b42267d563c5e5588fd31371"
  integrity sha512-PILxap9OT8wUPNzS5/PpCMcGwgn5nrPkDURhmpOASaDWYkCfG72UzZP5H8ZpeZ5iV+Nf8/eg5WtJP66twEKnjA==
  dependencies:
    "@lumino/commands" "^1.12.0"
    "@lumino/coreutils" "^1.5.3"
    "@lumino/disposable" "^1.4.3"
    "@lumino/properties" "^1.2.3"
    "@lumino/signaling" "^1.4.3"

"@lumino/algorithm@^1.3.3":
  version "1.3.3"
  resolved "https://registry.yarnpkg.com/@lumino/algorithm/-/algorithm-1.3.3.tgz#fdf4daa407a1ce6f233e173add6a2dda0c99eef4"
  integrity sha512-I2BkssbOSLq3rDjgAC3fzf/zAIwkRUnAh60MO0lYcaFdSGyI15w4K3gwZHGIO0p9cKEiNHLXKEODGmOjMLOQ3g==

"@lumino/collections@^1.3.3":
  version "1.3.3"
  resolved "https://registry.yarnpkg.com/@lumino/collections/-/collections-1.3.3.tgz#fa95c826b93ee6e24b3c4b07c8f595312525f8cc"
  integrity sha512-vN3GSV5INkgM6tMLd+WqTgaPnQNTY7L/aFUtTOC8TJQm+vg1eSmR4fNXsoGHM3uA85ctSJThvdZr5triu1Iajg==
  dependencies:
    "@lumino/algorithm" "^1.3.3"

"@lumino/commands@^1.12.0":
  version "1.12.0"
  resolved "https://registry.yarnpkg.com/@lumino/commands/-/commands-1.12.0.tgz#63a744d034d8bc524455e47f06c0ac5f2eb6ec38"
  integrity sha512-5TFlhDzZk1X8rCBjhh0HH3j6CcJ03mx2Pd/1rGa7MB5R+3+yYYk+gTlfHRqsxdehNRmiISaHRSrMnW8bynW7ZQ==
  dependencies:
    "@lumino/algorithm" "^1.3.3"
    "@lumino/coreutils" "^1.5.3"
    "@lumino/disposable" "^1.4.3"
    "@lumino/domutils" "^1.2.3"
    "@lumino/keyboard" "^1.2.3"
    "@lumino/signaling" "^1.4.3"
    "@lumino/virtualdom" "^1.8.0"

"@lumino/coreutils@^1.5.3":
  version "1.5.3"
  resolved "https://registry.yarnpkg.com/@lumino/coreutils/-/coreutils-1.5.3.tgz#89dd7b7f381642a1bf568910c5b62c7bde705d71"
  integrity sha512-G72jJ6sgOwAUuilz+cri7LpHIJxllK+qz+YZUC3fyyWHK7oRlZemcc43jZAVE+tagTdMxKYSQWNIVzM5lI8sWw==

"@lumino/disposable@^1.4.3":
  version "1.4.3"
  resolved "https://registry.yarnpkg.com/@lumino/disposable/-/disposable-1.4.3.tgz#0a69b15cc5a1e506f93bb390ac44aae338da3c36"
  integrity sha512-zKQ9N2AEGcYpG6PJkeMWQXvoXU9w1ocji78z+fboM/SmSgtOIVGeQt3fZeldymf0XrlOPpNXs1ZFg54yWUMnXA==
  dependencies:
    "@lumino/algorithm" "^1.3.3"
    "@lumino/signaling" "^1.4.3"

"@lumino/domutils@^1.2.3":
  version "1.2.3"
  resolved "https://registry.yarnpkg.com/@lumino/domutils/-/domutils-1.2.3.tgz#7e8e549a97624bfdbd4dd95ae4d1e30b87799822"
  integrity sha512-SEi8WZSy+DWMkL5CfAY78MHbi3x83AVmRFxjs9+A6qsFPde+Hr1I4DNtLsSDmfAWsobHHgBnjyNp2ZkQEq0IEA==

"@lumino/keyboard@^1.2.3":
  version "1.2.3"
  resolved "https://registry.yarnpkg.com/@lumino/keyboard/-/keyboard-1.2.3.tgz#594c73233636d85ed035b1a37a095acf956cfe8c"
  integrity sha512-ibS0sz0VABeuJXx2JVSz36sUBMUOcQNCNPybVhwzN/GkJFs0dnDKluMu+3Px0tkB2y33bGPZU/RLZY1Xj/faEA==

"@lumino/messaging@^1.4.3":
  version "1.4.3"
  resolved "https://registry.yarnpkg.com/@lumino/messaging/-/messaging-1.4.3.tgz#75a1901f53086c7c0e978a63cb784eae5cc59f3f"
  integrity sha512-wa2Pj2KOuLNLS2n0wVBzUVFGbvjL1FLbuCOAUEYfN6xXVleqqtGGzd08uTF7ebu01KCO3VQ38+dkvoaM/C2qPw==
  dependencies:
    "@lumino/algorithm" "^1.3.3"
    "@lumino/collections" "^1.3.3"

"@lumino/polling@^1.3.3":
  version "1.3.3"
  resolved "https://registry.yarnpkg.com/@lumino/polling/-/polling-1.3.3.tgz#6336638cb9ba2f4f4c3ef2529c7f260abbd25148"
  integrity sha512-uMRi6sPRnKW8m38WUY3qox1jxwzpvceafUbDJATCwyrZ48+YoY5Fxfmd9dqwioHS1aq9np5c6L35a9ZGuS0Maw==
  dependencies:
    "@lumino/coreutils" "^1.5.3"
    "@lumino/disposable" "^1.4.3"
    "@lumino/signaling" "^1.4.3"

"@lumino/properties@^1.2.3":
  version "1.2.3"
  resolved "https://registry.yarnpkg.com/@lumino/properties/-/properties-1.2.3.tgz#10675e554e4a9dcc4022de01875fd51f33e2c785"
  integrity sha512-dbS9V/L+RpQoRjxHMAGh1JYoXaLA6F7xkVbg/vmYXqdXZ7DguO5C3Qteu9tNp7Z7Q31TqFWUCrniTI9UJiJCoQ==

"@lumino/signaling@^1.4.3":
  version "1.4.3"
  resolved "https://registry.yarnpkg.com/@lumino/signaling/-/signaling-1.4.3.tgz#d29f7f542fdcd70b91ca275d3ca793ae21cebf6a"
  integrity sha512-6clc8SMcH0tyKXIX31xw6sxjxJl5hj4YRd1DTHTS62cegQ0FkO8JjJeuv+Nc1pgTg6nEAf65aSOHpUdsFHDAvQ==
  dependencies:
    "@lumino/algorithm" "^1.3.3"

"@lumino/virtualdom@^1.8.0":
  version "1.8.0"
  resolved "https://registry.yarnpkg.com/@lumino/virtualdom/-/virtualdom-1.8.0.tgz#42ea5778e3870e4961ea36697b28aab997c75fa6"
  integrity sha512-X/1b8b7TxB9tb4+xQiS8oArcA/AK7NBZrsg2dzu/gHa3JC45R8nzQ+0tObD8Nd0gF/e9w9Ps9M62rLfefcbbKw==
  dependencies:
    "@lumino/algorithm" "^1.3.3"

"@types/minimist@^1.1.29":
  version "1.2.1"
  resolved "https://registry.yarnpkg.com/@types/minimist/-/minimist-1.2.1.tgz#283f669ff76d7b8260df8ab7a4262cc83d988256"
  integrity sha512-fZQQafSREFyuZcdWFAExYjBiCL7AUCdgsk80iO0q4yihYYdcIiH28CcuPTGFgLOCC8RlW49GSQxdHwZP+I7CNg==

"@types/node@^6.0.42":
  version "6.14.13"
  resolved "https://registry.yarnpkg.com/@types/node/-/node-6.14.13.tgz#b6649578fc0b5dac88c4ef48a46cab33c50a6c72"
  integrity sha512-J1F0XJ/9zxlZel5ZlbeSuHW2OpabrUAqpFuC2sm2I3by8sERQ8+KCjNKUcq8QHuzpGMWiJpo9ZxeHrqrP2KzQw==

ajv@^6.12.3:
  version "6.12.6"
  resolved "https://registry.yarnpkg.com/ajv/-/ajv-6.12.6.tgz#baf5a62e802b07d977034586f8c3baf5adf26df4"
  integrity sha512-j3fVLgvTo527anyYyJOGTYJbG+vnnQYvE0m5mmkc1TK+nxAppkCLMIL0aZ4dblVCNoGShhm+kzE4ZUykBoMg4g==
  dependencies:
    fast-deep-equal "^3.1.1"
    fast-json-stable-stringify "^2.0.0"
    json-schema-traverse "^0.4.1"
    uri-js "^4.2.2"

fast-deep-equal@^3.1.1:
  version "3.1.3"
  resolved "https://registry.yarnpkg.com/fast-deep-equal/-/fast-deep-equal-3.1.3.tgz#3a7d56b559d6cbc3eb512325244e619a65c6c525"
  integrity sha512-f3qQ9oQy9j2AhBe/H9VC91wLmKBCCU/gDOnKNAYG5hswO7BLKj09Hc5HYNz9cGI++xlpDCIgDaitVs03ATR84Q==

fast-json-stable-stringify@^2.0.0:
  version "2.1.0"
  resolved "https://registry.yarnpkg.com/fast-json-stable-stringify/-/fast-json-stable-stringify-2.1.0.tgz#874bf69c6f404c2b5d99c481341399fd55892633"
  integrity sha512-lhd/wF+Lk98HZoTCtlVraHtfh5XYijIjalXck7saUtuanSDyLMxnHhSXEDJqHxD7msR8D0uCmqlkwjCV8xvwHw==

json-schema-traverse@^0.4.1:
  version "0.4.1"
  resolved "https://registry.yarnpkg.com/json-schema-traverse/-/json-schema-traverse-0.4.1.tgz#69f6a87d9513ab8bb8fe63bdb0979c448e684660"
  integrity sha512-xbbCH5dCYU5T8LcEhhuh7HJ88HXuW3qsI3Y0zOZFKfZEHcpWiHU/Jxzk629Brsab/mMiHQti9wMP+845RPe3Vg==

json5@^2.1.1:
  version "2.1.3"
  resolved "https://registry.yarnpkg.com/json5/-/json5-2.1.3.tgz#c9b0f7fa9233bfe5807fe66fcf3a5617ed597d43"
  integrity sha512-KXPvOm8K9IJKFM0bmdn8QXh7udDh1g/giieX0NLCaMnb4hEiVFqnop2ImTXCc5e0/oHz3LTqmHGtExn5hfMkOA==
  dependencies:
    minimist "^1.2.5"

jupyter-js-services@^0.21.1:
  version "0.21.1"
  resolved "https://registry.yarnpkg.com/jupyter-js-services/-/jupyter-js-services-0.21.1.tgz#5184869790f30da0a763be33dc12cc44bb370d64"
  integrity sha1-UYSGl5DzDaCnY74z3BLMRLs3DWQ=
  dependencies:
    "@types/minimist" "^1.1.29"
    "@types/node" "^6.0.42"
    minimist "^1.2.0"
    path-posix "^1.0.0"
    phosphor "^0.5.0"
    requirejs "^2.2.0"
    url-join "^1.1.0"

minimist@^1.2.0, minimist@^1.2.5, minimist@~1.2.0:
  version "1.2.5"
  resolved "https://registry.yarnpkg.com/minimist/-/minimist-1.2.5.tgz#67d66014b66a6a8aaa0c083c5fd58df4e4e97602"
  integrity sha512-FM9nNUYrRBAELZQT3xeZQ7fmMOBg6nWNmJKTcgsJeaLstP/UODVpGsr5OhXhhXg6f+qtJ8uiZ+PUxkDWcgIXLw==

moment@^2.24.0:
  version "2.29.1"
  resolved "https://registry.yarnpkg.com/moment/-/moment-2.29.1.tgz#b2be769fa31940be9eeea6469c075e35006fa3d3"
  integrity sha512-kHmoybcPV8Sqy59DwNDY3Jefr64lK/by/da0ViFcuA4DH0vQg5Q6Ze5VimxkfQNSC+Mls/Kx53s7TjP1RhFEDQ==

node-fetch@^2.6.0, node-fetch@^2.6.1:
  version "2.6.1"
  resolved "https://registry.yarnpkg.com/node-fetch/-/node-fetch-2.6.1.tgz#045bd323631f76ed2e2b55573394416b639a0052"
  integrity sha512-V4aYg89jEoVRxRb2fJdAg8FHvI7cEyYdVAh94HH0UIK8oJxUfkjlDQN9RbMx+bEjP7+ggMiFRprSti032Oipxw==

path-browserify@^1.0.0:
  version "1.0.1"
  resolved "https://registry.yarnpkg.com/path-browserify/-/path-browserify-1.0.1.tgz#d98454a9c3753d5790860f16f68867b9e46be1fd"
  integrity sha512-b7uo2UCUOYZcnF/3ID0lulOJi/bafxa1xPe7ZPsammBSpjSWQkjNxlt635YGS2MiR9GjvuXCtz2emr3jbsz98g==

path-posix@^1.0.0:
  version "1.0.0"
  resolved "https://registry.yarnpkg.com/path-posix/-/path-posix-1.0.0.tgz#06b26113f56beab042545a23bfa88003ccac260f"
  integrity sha1-BrJhE/Vr6rBCVFojv6iAA8ysJg8=

phosphor@^0.5.0:
  version "0.5.0"
  resolved "https://registry.yarnpkg.com/phosphor/-/phosphor-0.5.0.tgz#ca35b4ddf0185dc78efcd48dc87c65df1128bdc1"
  integrity sha1-yjW03fAYXceO/NSNyHxl3xEovcE=

punycode@^2.1.0:
  version "2.1.1"
  resolved "https://registry.yarnpkg.com/punycode/-/punycode-2.1.1.tgz#b58b010ac40c22c5657616c8d2c2c02c7bf479ec"
  integrity sha512-XRsRjdf+j5ml+y/6GKHPZbrF/8p2Yga0JPtdqTIY2Xe5ohJPD9saDJJLPvp9+NSBprVvevdXZybnj2cv8OEd0A==

querystringify@^2.1.1:
  version "2.2.0"
  resolved "https://registry.yarnpkg.com/querystringify/-/querystringify-2.2.0.tgz#3345941b4153cb9d082d8eee4cda2016a9aef7f6"
  integrity sha512-FIqgj2EUvTa7R50u0rGsyTftzjYmv/a3hO345bZNrqabNqjtgiDMgmo4mkUjd+nzU5oF3dClKqFIPUKybUyqoQ==

requirejs@^2.2.0:
  version "2.3.6"
  resolved "https://registry.yarnpkg.com/requirejs/-/requirejs-2.3.6.tgz#e5093d9601c2829251258c0b9445d4d19fa9e7c9"
  integrity sha512-ipEzlWQe6RK3jkzikgCupiTbTvm4S0/CAU5GlgptkN5SO6F3u0UD0K18wy6ErDqiCyP4J4YYe1HuAShvsxePLg==

requires-port@^1.0.0:
  version "1.0.0"
  resolved "https://registry.yarnpkg.com/requires-port/-/requires-port-1.0.0.tgz#925d2601d39ac485e091cf0da5c6e694dc3dcaff"
  integrity sha1-kl0mAdOaxIXgkc8NpcbmlNw9yv8=

uri-js@^4.2.2:
  version "4.4.1"
  resolved "https://registry.yarnpkg.com/uri-js/-/uri-js-4.4.1.tgz#9b1a52595225859e55f669d928f88c6c57f2a77e"
  integrity sha512-7rKUyy33Q1yc98pQ1DAmLtwX109F7TIfWlW1Ydo8Wl1ii1SeHieeh0HHfPeL2fMXK6z0s8ecKs9frCuLJvndBg==
  dependencies:
    punycode "^2.1.0"

url-join@^1.1.0:
  version "1.1.0"
  resolved "https://registry.yarnpkg.com/url-join/-/url-join-1.1.0.tgz#741c6c2f4596c4830d6718460920d0c92202dc78"
  integrity sha1-dBxsL0WWxIMNZxhGCSDQySIC3Hg=

url-parse@~1.4.7:
  version "1.4.7"
  resolved "https://registry.yarnpkg.com/url-parse/-/url-parse-1.4.7.tgz#a8a83535e8c00a316e403a5db4ac1b9b853ae278"
  integrity sha512-d3uaVyzDB9tQoSXFvuSUNFibTd9zxd2bkVrDRvF5TmvWWQwqE4lgYJ5m+x1DbecWkw+LK4RNl2CU1hHuOKPVlg==
  dependencies:
    querystringify "^2.1.1"
    requires-port "^1.0.0"

ws@^7.2.0, ws@^7.4.2:
  version "7.4.2"
  resolved "https://registry.yarnpkg.com/ws/-/ws-7.4.2.tgz#782100048e54eb36fe9843363ab1c68672b261dd"
  integrity sha512-T4tewALS3+qsrpGI/8dqNMLIVdq/g/85U98HPMa6F0m6xTbvhXU6RCQLqPH3+SlomNV/LdY6RXEbBpMH6EOJnA==

xmlhttprequest@^1.8.0:
  version "1.8.0"
  resolved "https://registry.yarnpkg.com/xmlhttprequest/-/xmlhttprequest-1.8.0.tgz#67fe075c5c24fef39f9d65f5f7b7fe75171968fc"
  integrity sha1-Z/4HXFwk/vOfnWX197f+dRcZaPw=
